{
  "version": 4,
  "terraform_version": "1.6.1",
  "serial": 45,
  "lineage": "a1c712c0-7b34-4212-1f0a-3b0ac8b04cdb",
  "outputs": {
    "key_data": {
      "value": "ssh-rsa AAAAB3NzaC1yc2EAAAADAQABAAABgQCaG6P410yyOg5kC1RO+yrVgMkr2oPydkttpu+GS3eN4msaBRF+WT8DOboCCR0lH4fZNyhyGdLve1anSvEalhEr1xRkzr4gkelwlPiIc3lupQKRZeMoRhhxq/QjBkCZa84315tzabi4JRV/ExULz/ufHYCEhN3XShvUi9E7CXgBNpFa0nmVQyt9LJ5SkaVBs0wq1+wGaWtMzaSirIQFF60yDqTKnHn6pvN8pLQL/YEJja743oDYDJnM+rSxAS5cIQcx/Y4HgneG9TRZnqKuiqYF1slAufPMIbNRZvjQGViowBWbLiTOaRNjaYuNPutNAufxyMlHaA+i/9TrNHefBj3l3oNzDbTDT5m6Z2ACgPoWkzxrqU7Z23e34R5XPMW7GHbmHuTZ35dltvYHvhxDL6CcUKR035ZGbg1tEdwd+DIY+jkhXx8ILMi2fwu4nmzAANGNNbYmJrQL3kUCzmBhe4TAxXCbbz9BFg29x1Um8mQUM4cyIAO8dzxTwQ1JuXZJw1U= generated-by-azure",
      "type": "string"
    },
    "public_ip_address": {
      "value": "20.111.37.42",
      "type": "string"
    },
    "resource_group_name": {
      "value": "rg-touched-mantis",
      "type": "string"
    }
  },
  "resources": [
    {
      "mode": "managed",
      "type": "azapi_resource",
      "name": "ssh_public_key",
      "provider": "provider[\"registry.terraform.io/azure/azapi\"]",
      "instances": [
        {
          "schema_version": 0,
          "attributes": {
            "body": "{}",
            "id": "/subscriptions/f0ea5a11-5c97-4661-8487-7f6633df7d14/resourceGroups/rg-touched-mantis/providers/Microsoft.Compute/sshPublicKeys/sshmasterlobster",
            "identity": [],
            "ignore_body_changes": null,
            "ignore_casing": false,
            "ignore_missing_property": true,
            "location": "francecentral",
            "locks": null,
            "name": "sshmasterlobster",
            "output": "{}",
            "parent_id": "/subscriptions/f0ea5a11-5c97-4661-8487-7f6633df7d14/resourceGroups/rg-touched-mantis",
            "removing_special_chars": false,
            "response_export_values": null,
            "schema_validation_enabled": true,
            "tags": {},
            "timeouts": null,
            "type": "Microsoft.Compute/sshPublicKeys@2022-11-01"
          },
          "sensitive_attributes": [],
          "private": "eyJlMmJmYjczMC1lY2FhLTExZTYtOGY4OC0zNDM2M2JjN2M0YzAiOnsiY3JlYXRlIjoxODAwMDAwMDAwMDAwLCJkZWxldGUiOjE4MDAwMDAwMDAwMDAsInJlYWQiOjMwMDAwMDAwMDAwMCwidXBkYXRlIjoxODAwMDAwMDAwMDAwfX0=",
          "dependencies": [
            "azurerm_resource_group.rg",
            "random_pet.rg_name",
            "random_pet.ssh_key_name"
          ]
        }
      ]
    },
    {
      "mode": "managed",
      "type": "azapi_resource_action",
      "name": "ssh_public_key_gen",
      "provider": "provider[\"registry.terraform.io/azure/azapi\"]",
      "instances": [
        {
          "schema_version": 0,
          "attributes": {
            "action": "generateKeyPair",
            "body": null,
            "id": "/subscriptions/f0ea5a11-5c97-4661-8487-7f6633df7d14/resourceGroups/rg-touched-mantis/providers/Microsoft.Compute/sshPublicKeys/sshmasterlobster/generateKeyPair",
            "locks": null,
            "method": "POST",
            "output": "{\"privateKey\":\"-----BEGIN RSA PRIVATE KEY-----\\r\\nMIIG4wIBAAKCAYEAmhuj+NdMsjoOZAtUTvsq1YDJK9qD8nZLbabvhkt3jeJrGgUR\\r\\nflk/Azm6AgkdJR+H2TcochnS73tWp0rxGpYRK9cUZM6+IJHpcJT4iHN5bqUCkWXj\\r\\nKEYYcav0IwZAmWvON9ebc2m4uCUVfxMVC8/7nx2AhITd10ob1IvROwl4ATaRWtJ5\\r\\nlUMrfSyeUpGlQbNMKtfsBmlrTM2koqyEBRetMg6kypx5+qbzfKS0C/2BCY2u+N6A\\r\\n2AyZzPq0sQEuXCEHMf2OB4J3hvU0WZ6iroqmBdbJQLnzzCGzUWb40BlYqMAVmy4k\\r\\nzmkTY2mLjT7rTQLn8cjJR2gPov/U6zR3nwY95d6Dcw20w0+ZumdgAoD6FpM8a6lO\\r\\n2dt3t+EeVzzFuxh25h7k2d+XZbb2B74cQy+gnFCkdN+WRm4NbRHcHfgyGPo5IV8f\\r\\nCCzItn8LuJ5swADRjTW2Jia0C95FAs5gYXuEwMVwm28/QRYNvcdVJvJkFDOHMiAD\\r\\nvHc8U8ENSbl2ScNVAgMBAAECggGAbKILZoCuqfxO5Ksv1TUsrrBIH0e8N5C3/yXs\\r\\nNui/8B6pjQABouVai/WHb6PpDaA6bR56vmQB05tILEmhyDH9DMBiueUbFW6F9jyt\\r\\nLdLoyNw9AS2ngV5YINksEfx4US4zgh3UkPj3o6dQjfFvppIIN9PeIoxerUKqd5vP\\r\\n9CPqmkBTGoi/+D4PS//F40KUEcpIaPMoiCSL5OoZoiqmLcjQ6DZ2Z/UB73T8suKP\\r\\noNwkuA1OSFTg0mufh2U7NoM0oPEOPzzVVN1O8lEp19Xmj6dDWhsbXsLZBzK1iZTW\\r\\nwCSIGo1AxB5tqWp5GzJMaHG58pRESxkmG2D3MA3+isM7HTmrjFPhuJHx0LEwdJfq\\r\\nPggFwZlRP1huFGsNsyAItNW8Vb+KX4NFpBwgTFvHUSEyPtowCCEFBsk3TD9cgMJX\\r\\nVWM8RxmIHKMYyawAW8bUPnYmZXprxcw71OSaGx5OcqoSjoOcGnxc3PPzlH/v/eqw\\r\\nPGklKuKhVcFo/wb1glzVVQqHkQaJAoHBAMBl4ecxxpV7caF2zxQ/mvchfYRiOTAK\\r\\nXcE3jBSxF30oV4tPuT2qpJZLkSRjM0XuNi+klMUi+9s0EUJ3raSKXqWKBJuHJ8XI\\r\\nAAmaBSrdlaBUt0Y7oPxwXsaKTBX4xSlVVdWajYvhCtkeTxdjK8wdayLw38+CIxm9\\r\\nFFwZv4dJHqClA8jcIgOA7lA351kYDH9XxpPxrVLKjfvBIB6CoOwoNnXGSCScZBjL\\r\\nhVl4IQgBojJGIGrWbBnKRIg1hTVApaHORwKBwQDNDWD/gbu6lQ5224fmJ8iQh1xf\\r\\nIr5a/h3v+KE/aBNtBIXxSPLXkqcz/YTfhTRzqDvizinHIclmCir32OU9TBy/1wy+\\r\\nIDXulahxZVPkzZXnb/HDrjeTAKtYOLuNfX4x62GG5MEgQddSWyq6zPZAAn0ZnQyb\\r\\ncdSgxKbU7epAmeYYcjSGUiwPZ/XMGXV92FbP6UKm8XWHpsNfbj/70ldELC4st1LK\\r\\n+z0U9y1FOsnR/xnKY4Ue78joJ06net1lQTWqo4MCgcBOWe9KWKH3hCL9T0X7h/+S\\r\\nvse/3sRNRRtzMSzRzGC1bnVgXWIhs9l8/18nQ2LBCsZ0VoDjW2DXnvecauKDDHqI\\r\\nzZEcyUiwKceiIWATWdOyTG2qo2PnCdf+4JklpX6dW4wuBde47DefvdEVxCQ05pIX\\r\\n06JBfkzPEYo2C6JM9MENSMYmyUbsyFfEwU9sn/eO8G8FFrmv6p8xtC9hXW8tXR74\\r\\njXwZtLqqwk8W5W4GNawY7ygKejHhutZ35dvOmPoaz8cCgcEAuCoU/UaawhhP1maT\\r\\nZx5CH7TDPNrqlrT3VGk9AcLK97YBStVW7lDUBXjkFxD/LAVkS+8YTLZGuXPWZaYT\\r\\nNfufMpnF4xjw92jI0ZfNQol24leDj1lwpoIKYoEJyil05wbeIBZickNQTbJ97Spa\\r\\n3OCfVRrdkNsqun4EzOcl5oGSzE/+Zsl0sx2PAJG5GZ7tUWzSJThmc8BOZu6RXu3q\\r\\n3NrFWfoIzS/bC3J44V3Ml+QDWOgLTt7T1dY/6WILaH6p4albAoHAEGMh5QO6Y1Jc\\r\\nozBewxc52aEF7J4O71SMaGP45uyfPcBHIuhno7YMKzU5r8KrzP51pezmr8GTPnCM\\r\\n5GJCgmQa3tURNZ4IM8I2UUoVbqYDIuauL7h0SAEi2iwjvrr/2FT3uvrtK1+PQS3l\\r\\nfrHqU+slf9L+1A0gzxBUOb91ecw1M3Lt27V6l30aumvIoz2WiH6N3vZUjyKxLTcz\\r\\nvcCfJ2nWoO28FFQLuKb6Ffjt/aN8y/vocKd/uyhPhMJOuSG7i3l4\\r\\n-----END RSA PRIVATE KEY-----\\r\\n\",\"publicKey\":\"ssh-rsa AAAAB3NzaC1yc2EAAAADAQABAAABgQCaG6P410yyOg5kC1RO+yrVgMkr2oPydkttpu+GS3eN4msaBRF+WT8DOboCCR0lH4fZNyhyGdLve1anSvEalhEr1xRkzr4gkelwlPiIc3lupQKRZeMoRhhxq/QjBkCZa84315tzabi4JRV/ExULz/ufHYCEhN3XShvUi9E7CXgBNpFa0nmVQyt9LJ5SkaVBs0wq1+wGaWtMzaSirIQFF60yDqTKnHn6pvN8pLQL/YEJja743oDYDJnM+rSxAS5cIQcx/Y4HgneG9TRZnqKuiqYF1slAufPMIbNRZvjQGViowBWbLiTOaRNjaYuNPutNAufxyMlHaA+i/9TrNHefBj3l3oNzDbTDT5m6Z2ACgPoWkzxrqU7Z23e34R5XPMW7GHbmHuTZ35dltvYHvhxDL6CcUKR035ZGbg1tEdwd+DIY+jkhXx8ILMi2fwu4nmzAANGNNbYmJrQL3kUCzmBhe4TAxXCbbz9BFg29x1Um8mQUM4cyIAO8dzxTwQ1JuXZJw1U= generated-by-azure\"}",
            "resource_id": "/subscriptions/f0ea5a11-5c97-4661-8487-7f6633df7d14/resourceGroups/rg-touched-mantis/providers/Microsoft.Compute/sshPublicKeys/sshmasterlobster",
            "response_export_values": [
              "publicKey",
              "privateKey"
            ],
            "timeouts": null,
            "type": "Microsoft.Compute/sshPublicKeys@2022-11-01"
          },
          "sensitive_attributes": [],
          "private": "eyJlMmJmYjczMC1lY2FhLTExZTYtOGY4OC0zNDM2M2JjN2M0YzAiOnsiY3JlYXRlIjoxODAwMDAwMDAwMDAwLCJkZWxldGUiOjE4MDAwMDAwMDAwMDAsInJlYWQiOjMwMDAwMDAwMDAwMCwidXBkYXRlIjoxODAwMDAwMDAwMDAwfX0=",
          "dependencies": [
            "azapi_resource.ssh_public_key",
            "azurerm_resource_group.rg",
            "random_pet.rg_name",
            "random_pet.ssh_key_name"
          ]
        }
      ]
    },
    {
      "mode": "managed",
      "type": "azurerm_linux_virtual_machine",
      "name": "my_terraform_vm",
      "provider": "provider[\"registry.terraform.io/hashicorp/azurerm\"]",
      "instances": [
        {
          "schema_version": 0,
          "attributes": {
            "additional_capabilities": [],
            "admin_password": null,
            "admin_ssh_key": [
              {
                "public_key": "ssh-rsa AAAAB3NzaC1yc2EAAAADAQABAAABgQCaG6P410yyOg5kC1RO+yrVgMkr2oPydkttpu+GS3eN4msaBRF+WT8DOboCCR0lH4fZNyhyGdLve1anSvEalhEr1xRkzr4gkelwlPiIc3lupQKRZeMoRhhxq/QjBkCZa84315tzabi4JRV/ExULz/ufHYCEhN3XShvUi9E7CXgBNpFa0nmVQyt9LJ5SkaVBs0wq1+wGaWtMzaSirIQFF60yDqTKnHn6pvN8pLQL/YEJja743oDYDJnM+rSxAS5cIQcx/Y4HgneG9TRZnqKuiqYF1slAufPMIbNRZvjQGViowBWbLiTOaRNjaYuNPutNAufxyMlHaA+i/9TrNHefBj3l3oNzDbTDT5m6Z2ACgPoWkzxrqU7Z23e34R5XPMW7GHbmHuTZ35dltvYHvhxDL6CcUKR035ZGbg1tEdwd+DIY+jkhXx8ILMi2fwu4nmzAANGNNbYmJrQL3kUCzmBhe4TAxXCbbz9BFg29x1Um8mQUM4cyIAO8dzxTwQ1JuXZJw1U= generated-by-azure",
                "username": "azureadmin"
              }
            ],
            "admin_username": "azureadmin",
            "allow_extension_operations": true,
            "availability_set_id": "",
            "boot_diagnostics": [
              {
                "storage_account_uri": "https://diaga408ba8166e6b669.blob.core.windows.net/"
              }
            ],
            "computer_name": "hostname",
            "custom_data": null,
            "dedicated_host_group_id": "",
            "dedicated_host_id": "",
            "disable_password_authentication": true,
            "encryption_at_host_enabled": false,
            "eviction_policy": "",
            "extensions_time_budget": "PT1H30M",
            "id": "/subscriptions/f0ea5a11-5c97-4661-8487-7f6633df7d14/resourceGroups/rg-touched-mantis/providers/Microsoft.Compute/virtualMachines/e200517",
            "identity": [],
            "license_type": "",
            "location": "francecentral",
            "max_bid_price": -1,
            "name": "e200517",
            "network_interface_ids": [
              "/subscriptions/f0ea5a11-5c97-4661-8487-7f6633df7d14/resourceGroups/rg-touched-mantis/providers/Microsoft.Network/networkInterfaces/myNIC"
            ],
            "os_disk": [
              {
                "caching": "ReadWrite",
                "diff_disk_settings": [],
                "disk_encryption_set_id": "",
                "disk_size_gb": 30,
                "name": "myOsDisk",
                "storage_account_type": "Premium_LRS",
                "write_accelerator_enabled": false
              }
            ],
            "patch_mode": "ImageDefault",
            "plan": [],
            "platform_fault_domain": -1,
            "priority": "Regular",
            "private_ip_address": "10.0.1.4",
            "private_ip_addresses": [
              "10.0.1.4"
            ],
            "provision_vm_agent": true,
            "proximity_placement_group_id": "",
            "public_ip_address": "20.111.37.42",
            "public_ip_addresses": [
              "20.111.37.42"
            ],
            "resource_group_name": "rg-touched-mantis",
            "secret": [],
            "secure_boot_enabled": false,
            "size": "Standard_DS1_v2",
            "source_image_id": "",
            "source_image_reference": [
              {
                "offer": "0001-com-ubuntu-server-jammy",
                "publisher": "Canonical",
                "sku": "22_04-lts-gen2",
                "version": "latest"
              }
            ],
            "tags": null,
            "timeouts": null,
            "user_data": "",
            "virtual_machine_id": "056bbaa5-632e-49f9-81ad-a1ec59a8738a",
            "virtual_machine_scale_set_id": "",
            "vtpm_enabled": false,
            "zone": ""
          },
          "sensitive_attributes": [],
          "private": "eyJlMmJmYjczMC1lY2FhLTExZTYtOGY4OC0zNDM2M2JjN2M0YzAiOnsiY3JlYXRlIjoyNzAwMDAwMDAwMDAwLCJkZWxldGUiOjI3MDAwMDAwMDAwMDAsInJlYWQiOjMwMDAwMDAwMDAwMCwidXBkYXRlIjoyNzAwMDAwMDAwMDAwfX0=",
          "dependencies": [
            "azapi_resource.ssh_public_key",
            "azapi_resource_action.ssh_public_key_gen",
            "azurerm_network_interface.my_terraform_nic",
            "azurerm_public_ip.my_terraform_public_ip",
            "azurerm_resource_group.rg",
            "azurerm_storage_account.my_storage_account",
            "azurerm_subnet.my_terraform_subnet",
            "azurerm_virtual_network.my_terraform_network",
            "random_id.random_id",
            "random_pet.rg_name",
            "random_pet.ssh_key_name"
          ]
        }
      ]
    },
    {
      "mode": "managed",
      "type": "azurerm_network_interface",
      "name": "my_terraform_nic",
      "provider": "provider[\"registry.terraform.io/hashicorp/azurerm\"]",
      "instances": [
        {
          "schema_version": 0,
          "attributes": {
            "applied_dns_servers": [],
            "dns_servers": [],
            "enable_accelerated_networking": false,
            "enable_ip_forwarding": false,
            "id": "/subscriptions/f0ea5a11-5c97-4661-8487-7f6633df7d14/resourceGroups/rg-touched-mantis/providers/Microsoft.Network/networkInterfaces/myNIC",
            "internal_dns_name_label": "",
            "internal_domain_name_suffix": "bhlqmodoth3ujm4ruu3vxbv5id.parx.internal.cloudapp.net",
            "ip_configuration": [
              {
                "gateway_load_balancer_frontend_ip_configuration_id": "",
                "name": "my_nic_configuration",
                "primary": true,
                "private_ip_address": "10.0.1.4",
                "private_ip_address_allocation": "Dynamic",
                "private_ip_address_version": "IPv4",
                "public_ip_address_id": "/subscriptions/f0ea5a11-5c97-4661-8487-7f6633df7d14/resourceGroups/rg-touched-mantis/providers/Microsoft.Network/publicIPAddresses/myPublicIP",
                "subnet_id": "/subscriptions/f0ea5a11-5c97-4661-8487-7f6633df7d14/resourceGroups/rg-touched-mantis/providers/Microsoft.Network/virtualNetworks/myVnet/subnets/mySubnet"
              }
            ],
            "location": "francecentral",
            "mac_address": "",
            "name": "myNIC",
            "private_ip_address": "10.0.1.4",
            "private_ip_addresses": [
              "10.0.1.4"
            ],
            "resource_group_name": "rg-touched-mantis",
            "tags": null,
            "timeouts": null,
            "virtual_machine_id": ""
          },
          "sensitive_attributes": [],
          "private": "eyJlMmJmYjczMC1lY2FhLTExZTYtOGY4OC0zNDM2M2JjN2M0YzAiOnsiY3JlYXRlIjoxODAwMDAwMDAwMDAwLCJkZWxldGUiOjE4MDAwMDAwMDAwMDAsInJlYWQiOjMwMDAwMDAwMDAwMCwidXBkYXRlIjoxODAwMDAwMDAwMDAwfX0=",
          "dependencies": [
            "azurerm_public_ip.my_terraform_public_ip",
            "azurerm_resource_group.rg",
            "azurerm_subnet.my_terraform_subnet",
            "azurerm_virtual_network.my_terraform_network",
            "random_pet.rg_name"
          ]
        }
      ]
    },
    {
      "mode": "managed",
      "type": "azurerm_network_interface_security_group_association",
      "name": "example",
      "provider": "provider[\"registry.terraform.io/hashicorp/azurerm\"]",
      "instances": [
        {
          "schema_version": 0,
          "attributes": {
            "id": "/subscriptions/f0ea5a11-5c97-4661-8487-7f6633df7d14/resourceGroups/rg-touched-mantis/providers/Microsoft.Network/networkInterfaces/myNIC|/subscriptions/f0ea5a11-5c97-4661-8487-7f6633df7d14/resourceGroups/rg-touched-mantis/providers/Microsoft.Network/networkSecurityGroups/myNetworkSecurityGroup",
            "network_interface_id": "/subscriptions/f0ea5a11-5c97-4661-8487-7f6633df7d14/resourceGroups/rg-touched-mantis/providers/Microsoft.Network/networkInterfaces/myNIC",
            "network_security_group_id": "/subscriptions/f0ea5a11-5c97-4661-8487-7f6633df7d14/resourceGroups/rg-touched-mantis/providers/Microsoft.Network/networkSecurityGroups/myNetworkSecurityGroup",
            "timeouts": null
          },
          "sensitive_attributes": [],
          "private": "eyJlMmJmYjczMC1lY2FhLTExZTYtOGY4OC0zNDM2M2JjN2M0YzAiOnsiY3JlYXRlIjoxODAwMDAwMDAwMDAwLCJkZWxldGUiOjE4MDAwMDAwMDAwMDAsInJlYWQiOjMwMDAwMDAwMDAwMCwidXBkYXRlIjoxODAwMDAwMDAwMDAwfX0=",
          "dependencies": [
            "azurerm_network_interface.my_terraform_nic",
            "azurerm_network_security_group.my_terraform_nsg",
            "azurerm_public_ip.my_terraform_public_ip",
            "azurerm_resource_group.rg",
            "azurerm_subnet.my_terraform_subnet",
            "azurerm_virtual_network.my_terraform_network",
            "random_pet.rg_name"
          ]
        }
      ]
    },
    {
      "mode": "managed",
      "type": "azurerm_network_security_group",
      "name": "my_terraform_nsg",
      "provider": "provider[\"registry.terraform.io/hashicorp/azurerm\"]",
      "instances": [
        {
          "schema_version": 0,
          "attributes": {
            "id": "/subscriptions/f0ea5a11-5c97-4661-8487-7f6633df7d14/resourceGroups/rg-touched-mantis/providers/Microsoft.Network/networkSecurityGroups/myNetworkSecurityGroup",
            "location": "francecentral",
            "name": "myNetworkSecurityGroup",
            "resource_group_name": "rg-touched-mantis",
            "security_rule": [
              {
                "access": "Allow",
                "description": "",
                "destination_address_prefix": "*",
                "destination_address_prefixes": [],
                "destination_application_security_group_ids": [],
                "destination_port_range": "22",
                "destination_port_ranges": [],
                "direction": "Inbound",
                "name": "SSH",
                "priority": 1001,
                "protocol": "Tcp",
                "source_address_prefix": "*",
                "source_address_prefixes": [],
                "source_application_security_group_ids": [],
                "source_port_range": "*",
                "source_port_ranges": []
              }
            ],
            "tags": null,
            "timeouts": null
          },
          "sensitive_attributes": [],
          "private": "eyJlMmJmYjczMC1lY2FhLTExZTYtOGY4OC0zNDM2M2JjN2M0YzAiOnsiY3JlYXRlIjoxODAwMDAwMDAwMDAwLCJkZWxldGUiOjE4MDAwMDAwMDAwMDAsInJlYWQiOjMwMDAwMDAwMDAwMCwidXBkYXRlIjoxODAwMDAwMDAwMDAwfX0=",
          "dependencies": [
            "azurerm_resource_group.rg",
            "random_pet.rg_name"
          ]
        }
      ]
    },
    {
      "mode": "managed",
      "type": "azurerm_public_ip",
      "name": "my_terraform_public_ip",
      "provider": "provider[\"registry.terraform.io/hashicorp/azurerm\"]",
      "instances": [
        {
          "schema_version": 0,
          "attributes": {
            "allocation_method": "Dynamic",
            "availability_zone": "No-Zone",
            "domain_name_label": null,
            "fqdn": null,
            "id": "/subscriptions/f0ea5a11-5c97-4661-8487-7f6633df7d14/resourceGroups/rg-touched-mantis/providers/Microsoft.Network/publicIPAddresses/myPublicIP",
            "idle_timeout_in_minutes": 4,
            "ip_address": "",
            "ip_tags": null,
            "ip_version": "IPv4",
            "location": "francecentral",
            "name": "myPublicIP",
            "public_ip_prefix_id": null,
            "resource_group_name": "rg-touched-mantis",
            "reverse_fqdn": null,
            "sku": "Basic",
            "sku_tier": "Regional",
            "tags": null,
            "timeouts": null,
            "zones": []
          },
          "sensitive_attributes": [],
          "private": "eyJlMmJmYjczMC1lY2FhLTExZTYtOGY4OC0zNDM2M2JjN2M0YzAiOnsiY3JlYXRlIjoxODAwMDAwMDAwMDAwLCJkZWxldGUiOjE4MDAwMDAwMDAwMDAsInJlYWQiOjMwMDAwMDAwMDAwMCwidXBkYXRlIjoxODAwMDAwMDAwMDAwfX0=",
          "dependencies": [
            "azurerm_resource_group.rg",
            "random_pet.rg_name"
          ]
        }
      ]
    },
    {
      "mode": "managed",
      "type": "azurerm_resource_group",
      "name": "rg",
      "provider": "provider[\"registry.terraform.io/hashicorp/azurerm\"]",
      "instances": [
        {
          "schema_version": 0,
          "attributes": {
            "id": "/subscriptions/f0ea5a11-5c97-4661-8487-7f6633df7d14/resourceGroups/rg-touched-mantis",
            "location": "francecentral",
            "name": "rg-touched-mantis",
            "tags": null,
            "timeouts": null
          },
          "sensitive_attributes": [],
          "private": "eyJlMmJmYjczMC1lY2FhLTExZTYtOGY4OC0zNDM2M2JjN2M0YzAiOnsiY3JlYXRlIjo1NDAwMDAwMDAwMDAwLCJkZWxldGUiOjU0MDAwMDAwMDAwMDAsInJlYWQiOjMwMDAwMDAwMDAwMCwidXBkYXRlIjo1NDAwMDAwMDAwMDAwfX0=",
          "dependencies": [
            "random_pet.rg_name"
          ]
        }
      ]
    },
    {
      "mode": "managed",
      "type": "azurerm_storage_account",
      "name": "my_storage_account",
      "provider": "provider[\"registry.terraform.io/hashicorp/azurerm\"]",
      "instances": [
        {
          "schema_version": 2,
          "attributes": {
            "access_tier": "Hot",
            "account_kind": "StorageV2",
            "account_replication_type": "LRS",
            "account_tier": "Standard",
            "allow_blob_public_access": false,
            "azure_files_authentication": [],
            "blob_properties": [
              {
                "change_feed_enabled": false,
                "container_delete_retention_policy": [],
                "cors_rule": [],
                "default_service_version": "",
                "delete_retention_policy": [],
                "last_access_time_enabled": false,
                "versioning_enabled": false
              }
            ],
            "custom_domain": [],
            "customer_managed_key": [],
            "enable_https_traffic_only": true,
            "id": "/subscriptions/f0ea5a11-5c97-4661-8487-7f6633df7d14/resourceGroups/rg-touched-mantis/providers/Microsoft.Storage/storageAccounts/diaga408ba8166e6b669",
            "identity": [],
            "infrastructure_encryption_enabled": false,
            "is_hns_enabled": false,
            "large_file_share_enabled": null,
            "location": "francecentral",
            "min_tls_version": "TLS1_0",
            "name": "diaga408ba8166e6b669",
            "network_rules": [
              {
                "bypass": [
                  "AzureServices"
                ],
                "default_action": "Allow",
                "ip_rules": [],
                "private_link_access": [],
                "virtual_network_subnet_ids": []
              }
            ],
            "nfsv3_enabled": false,
            "primary_access_key": "2Gyh6A9Sg/4TTjKVkSsCngbtxfQMBbv8PN4xfnRHdFy50B+wJ1ARPZHCxMYRdyQ7iXYQrnikXwuC+AStjzMnSw==",
            "primary_blob_connection_string": "DefaultEndpointsProtocol=https;BlobEndpoint=https://diaga408ba8166e6b669.blob.core.windows.net/;AccountName=diaga408ba8166e6b669;AccountKey=2Gyh6A9Sg/4TTjKVkSsCngbtxfQMBbv8PN4xfnRHdFy50B+wJ1ARPZHCxMYRdyQ7iXYQrnikXwuC+AStjzMnSw==",
            "primary_blob_endpoint": "https://diaga408ba8166e6b669.blob.core.windows.net/",
            "primary_blob_host": "diaga408ba8166e6b669.blob.core.windows.net",
            "primary_connection_string": "DefaultEndpointsProtocol=https;AccountName=diaga408ba8166e6b669;AccountKey=2Gyh6A9Sg/4TTjKVkSsCngbtxfQMBbv8PN4xfnRHdFy50B+wJ1ARPZHCxMYRdyQ7iXYQrnikXwuC+AStjzMnSw==;EndpointSuffix=core.windows.net",
            "primary_dfs_endpoint": "https://diaga408ba8166e6b669.dfs.core.windows.net/",
            "primary_dfs_host": "diaga408ba8166e6b669.dfs.core.windows.net",
            "primary_file_endpoint": "https://diaga408ba8166e6b669.file.core.windows.net/",
            "primary_file_host": "diaga408ba8166e6b669.file.core.windows.net",
            "primary_location": "francecentral",
            "primary_queue_endpoint": "https://diaga408ba8166e6b669.queue.core.windows.net/",
            "primary_queue_host": "diaga408ba8166e6b669.queue.core.windows.net",
            "primary_table_endpoint": "https://diaga408ba8166e6b669.table.core.windows.net/",
            "primary_table_host": "diaga408ba8166e6b669.table.core.windows.net",
            "primary_web_endpoint": "https://diaga408ba8166e6b669.z28.web.core.windows.net/",
            "primary_web_host": "diaga408ba8166e6b669.z28.web.core.windows.net",
            "queue_encryption_key_type": "Service",
            "queue_properties": [
              {
                "cors_rule": [],
                "hour_metrics": [
                  {
                    "enabled": true,
                    "include_apis": true,
                    "retention_policy_days": 7,
                    "version": "1.0"
                  }
                ],
                "logging": [
                  {
                    "delete": false,
                    "read": false,
                    "retention_policy_days": 0,
                    "version": "1.0",
                    "write": false
                  }
                ],
                "minute_metrics": [
                  {
                    "enabled": false,
                    "include_apis": false,
                    "retention_policy_days": 0,
                    "version": "1.0"
                  }
                ]
              }
            ],
            "resource_group_name": "rg-touched-mantis",
            "routing": [],
            "secondary_access_key": "me7bslbJjh7uVfq6wps0mgnqhgKETBbHDq3AGkGnz1mRQaWyiGAJ60efDK1T7+jyN22NvlgxN//Z+AStaCsNrA==",
            "secondary_blob_connection_string": "",
            "secondary_blob_endpoint": null,
            "secondary_blob_host": null,
            "secondary_connection_string": "DefaultEndpointsProtocol=https;AccountName=diaga408ba8166e6b669;AccountKey=me7bslbJjh7uVfq6wps0mgnqhgKETBbHDq3AGkGnz1mRQaWyiGAJ60efDK1T7+jyN22NvlgxN//Z+AStaCsNrA==;EndpointSuffix=core.windows.net",
            "secondary_dfs_endpoint": null,
            "secondary_dfs_host": null,
            "secondary_file_endpoint": null,
            "secondary_file_host": null,
            "secondary_location": "",
            "secondary_queue_endpoint": null,
            "secondary_queue_host": null,
            "secondary_table_endpoint": null,
            "secondary_table_host": null,
            "secondary_web_endpoint": null,
            "secondary_web_host": null,
            "share_properties": [
              {
                "cors_rule": [],
                "retention_policy": [
                  {
                    "days": 7
                  }
                ],
                "smb": []
              }
            ],
            "shared_access_key_enabled": true,
            "static_website": [],
            "table_encryption_key_type": "Service",
            "tags": null,
            "timeouts": null
          },
          "sensitive_attributes": [],
          "private": "eyJlMmJmYjczMC1lY2FhLTExZTYtOGY4OC0zNDM2M2JjN2M0YzAiOnsiY3JlYXRlIjozNjAwMDAwMDAwMDAwLCJkZWxldGUiOjM2MDAwMDAwMDAwMDAsInJlYWQiOjMwMDAwMDAwMDAwMCwidXBkYXRlIjozNjAwMDAwMDAwMDAwfSwic2NoZW1hX3ZlcnNpb24iOiIyIn0=",
          "dependencies": [
            "azurerm_resource_group.rg",
            "random_id.random_id",
            "random_pet.rg_name"
          ]
        }
      ]
    },
    {
      "mode": "managed",
      "type": "azurerm_subnet",
      "name": "my_terraform_subnet",
      "provider": "provider[\"registry.terraform.io/hashicorp/azurerm\"]",
      "instances": [
        {
          "schema_version": 0,
          "attributes": {
            "address_prefix": "10.0.1.0/24",
            "address_prefixes": [
              "10.0.1.0/24"
            ],
            "delegation": [],
            "enforce_private_link_endpoint_network_policies": false,
            "enforce_private_link_service_network_policies": false,
            "id": "/subscriptions/f0ea5a11-5c97-4661-8487-7f6633df7d14/resourceGroups/rg-touched-mantis/providers/Microsoft.Network/virtualNetworks/myVnet/subnets/mySubnet",
            "name": "mySubnet",
            "resource_group_name": "rg-touched-mantis",
            "service_endpoint_policy_ids": null,
            "service_endpoints": null,
            "timeouts": null,
            "virtual_network_name": "myVnet"
          },
          "sensitive_attributes": [],
          "private": "eyJlMmJmYjczMC1lY2FhLTExZTYtOGY4OC0zNDM2M2JjN2M0YzAiOnsiY3JlYXRlIjoxODAwMDAwMDAwMDAwLCJkZWxldGUiOjE4MDAwMDAwMDAwMDAsInJlYWQiOjMwMDAwMDAwMDAwMCwidXBkYXRlIjoxODAwMDAwMDAwMDAwfX0=",
          "dependencies": [
            "azurerm_resource_group.rg",
            "azurerm_virtual_network.my_terraform_network",
            "random_pet.rg_name"
          ]
        }
      ]
    },
    {
      "mode": "managed",
      "type": "azurerm_virtual_network",
      "name": "my_terraform_network",
      "provider": "provider[\"registry.terraform.io/hashicorp/azurerm\"]",
      "instances": [
        {
          "schema_version": 0,
          "attributes": {
            "address_space": [
              "10.0.0.0/16"
            ],
            "bgp_community": "",
            "ddos_protection_plan": [],
            "dns_servers": [],
            "flow_timeout_in_minutes": 0,
            "guid": "3806d709-996e-44fb-b3d1-a53b5b86bf43",
            "id": "/subscriptions/f0ea5a11-5c97-4661-8487-7f6633df7d14/resourceGroups/rg-touched-mantis/providers/Microsoft.Network/virtualNetworks/myVnet",
            "location": "francecentral",
            "name": "myVnet",
            "resource_group_name": "rg-touched-mantis",
            "subnet": [],
            "tags": null,
            "timeouts": null,
            "vm_protection_enabled": false
          },
          "sensitive_attributes": [],
          "private": "eyJlMmJmYjczMC1lY2FhLTExZTYtOGY4OC0zNDM2M2JjN2M0YzAiOnsiY3JlYXRlIjoxODAwMDAwMDAwMDAwLCJkZWxldGUiOjE4MDAwMDAwMDAwMDAsInJlYWQiOjMwMDAwMDAwMDAwMCwidXBkYXRlIjoxODAwMDAwMDAwMDAwfX0=",
          "dependencies": [
            "azurerm_resource_group.rg",
            "random_pet.rg_name"
          ]
        }
      ]
    },
    {
      "mode": "managed",
      "type": "random_id",
      "name": "random_id",
      "provider": "provider[\"registry.terraform.io/hashicorp/random\"]",
      "instances": [
        {
          "schema_version": 0,
          "attributes": {
            "b64_std": "pAi6gWbmtmk=",
            "b64_url": "pAi6gWbmtmk",
            "byte_length": 8,
            "dec": "11819902286973810281",
            "hex": "a408ba8166e6b669",
            "id": "pAi6gWbmtmk",
            "keepers": {
              "resource_group": "rg-touched-mantis"
            },
            "prefix": null
          },
          "sensitive_attributes": [],
          "dependencies": [
            "azurerm_resource_group.rg",
            "random_pet.rg_name"
          ]
        }
      ]
    },
    {
      "mode": "managed",
      "type": "random_pet",
      "name": "rg_name",
      "provider": "provider[\"registry.terraform.io/hashicorp/random\"]",
      "instances": [
        {
          "schema_version": 0,
          "attributes": {
            "id": "rg-touched-mantis",
            "keepers": null,
            "length": 2,
            "prefix": "rg",
            "separator": "-"
          },
          "sensitive_attributes": []
        }
      ]
    },
    {
      "mode": "managed",
      "type": "random_pet",
      "name": "ssh_key_name",
      "provider": "provider[\"registry.terraform.io/hashicorp/random\"]",
      "instances": [
        {
          "schema_version": 0,
          "attributes": {
            "id": "sshmasterlobster",
            "keepers": null,
            "length": 2,
            "prefix": "ssh",
            "separator": ""
          },
          "sensitive_attributes": []
        }
      ]
    }
  ],
  "check_results": null
}
